<?xml version="1.0" encoding="utf-8"?>
<Project ToolsVersion="4.0" xmlns="http://schemas.microsoft.com/developer/msbuild/2003">
  <ItemGroup>
    <Filter Include="Source Files">
      <Extensions>cpp;c;cc;cxx;def;odl;idl;hpj;bat;asm;asmx;*</Extensions>
      <UniqueIdentifier>{DDD1C6BA-4FDB-4B31-8CA1-A98A3B87BCAD}</UniqueIdentifier>
    </Filter>
    <Filter Include="Header Files">
      <Extensions>h;hpp;hxx;hm;inl;inc;xsd</Extensions>
      <UniqueIdentifier>{6330F9B6-65BA-4A38-955C-1968DCB91EDE}</UniqueIdentifier>
    </Filter>
    <Filter Include="Resource Files">
      <Extensions>rc;ico;cur;bmp;dlg;rc2;rct;bin;rgs;gif;jpg;jpeg;jpe;resx;tiff;tif;png;wav;mfcribbon-ms;man;xml</Extensions>
      <UniqueIdentifier>{D575D231-5B8E-4A00-BBEF-7105E4F2B0FB}</UniqueIdentifier>
    </Filter>
    <Filter Include="Driver Files">
      <Extensions>inf;inv;inx;mof;mc;</Extensions>
      <UniqueIdentifier>{B1FE81D8-D0AC-4BB6-B311-CF9DA3709742}</UniqueIdentifier>
    </Filter>
  </ItemGroup>
  <ItemGroup>
    <ClCompile Include="CacheSup.cpp">
      <Filter>Source Files</Filter>
    </ClCompile>
    <ClCompile Include="CdData.cpp">
      <Filter>Source Files</Filter>
    </ClCompile>
    <ClCompile Include="CdInit.cpp">
      <Filter>Source Files</Filter>
    </ClCompile>
    <ClCompile Include="cdprocssrc.cpp">
      <Filter>Source Files</Filter>
    </ClCompile>
    <ClCompile Include="Cleanup.cpp">
      <Filter>Source Files</Filter>
    </ClCompile>
    <ClCompile Include="Close.cpp">
      <Filter>Source Files</Filter>
    </ClCompile>
    <ClCompile Include="Create.cpp">
      <Filter>Source Files</Filter>
    </ClCompile>
    <ClCompile Include="DevCtrl.cpp">
      <Filter>Source Files</Filter>
    </ClCompile>
    <ClCompile Include="DevioSup.cpp">
      <Filter>Source Files</Filter>
    </ClCompile>
    <ClCompile Include="DirCtrl.cpp">
      <Filter>Source Files</Filter>
    </ClCompile>
    <ClCompile Include="DirSup.cpp">
      <Filter>Source Files</Filter>
    </ClCompile>
    <ClCompile Include="FileInfo.cpp">
      <Filter>Source Files</Filter>
    </ClCompile>
    <ClCompile Include="FilObSup.cpp">
      <Filter>Source Files</Filter>
    </ClCompile>
    <ClCompile Include="FsCtrl.cpp">
      <Filter>Source Files</Filter>
    </ClCompile>
    <ClCompile Include="FspDisp.cpp">
      <Filter>Source Files</Filter>
    </ClCompile>
    <ClCompile Include="LockCtrl.cpp">
      <Filter>Source Files</Filter>
    </ClCompile>
    <ClCompile Include="NameSup.cpp">
      <Filter>Source Files</Filter>
    </ClCompile>
    <ClCompile Include="PathSup.cpp">
      <Filter>Source Files</Filter>
    </ClCompile>
    <ClCompile Include="Pnp.cpp">
      <Filter>Source Files</Filter>
    </ClCompile>
    <ClCompile Include="PreFxSup.cpp">
      <Filter>Source Files</Filter>
    </ClCompile>
    <ClCompile Include="Read.cpp">
      <Filter>Source Files</Filter>
    </ClCompile>
    <ClCompile Include="ResrcSup.cpp">
      <Filter>Source Files</Filter>
    </ClCompile>
    <ClCompile Include="Shutdown.cpp">
      <Filter>Source Files</Filter>
    </ClCompile>
    <ClCompile Include="Strucsup.cpp">
      <Filter>Source Files</Filter>
    </ClCompile>
    <ClCompile Include="VerfySup.cpp">
      <Filter>Source Files</Filter>
    </ClCompile>
    <ClCompile Include="VolInfo.cpp">
      <Filter>Source Files</Filter>
    </ClCompile>
    <ClCompile Include="WorkQue.cpp">
      <Filter>Source Files</Filter>
    </ClCompile>
    <ClCompile Include="Write.cpp">
      <Filter>Source Files</Filter>
    </ClCompile>
    <ClCompile Include="extstrct.cpp">
      <Filter>Source Files</Filter>
    </ClCompile>
    <ClCompile Include="readcompr.cpp">
      <Filter>Source Files</Filter>
    </ClCompile>
    <ClCompile Include="zadler32.cpp">
      <Filter>Source Files</Filter>
    </ClCompile>
    <ClCompile Include="zinffast.cpp">
      <Filter>Source Files</Filter>
    </ClCompile>
    <ClCompile Include="zinffixed.cpp">
      <Filter>Source Files</Filter>
    </ClCompile>
    <ClCompile Include="zinflate.cpp">
      <Filter>Source Files</Filter>
    </ClCompile>
    <ClCompile Include="zinftrees.cpp">
      <Filter>Source Files</Filter>
    </ClCompile>
    <ClCompile Include="AllocSup.cpp">
      <Filter>Source Files</Filter>
    </ClCompile>
  </ItemGroup>
  <ItemGroup>
    <ResourceCompile Include="Cdfs.rc">
      <Filter>Resource Files</Filter>
    </ResourceCompile>
  </ItemGroup>
  <ItemGroup>
    <ClInclude Include="cd.h">
      <Filter>Header Files</Filter>
    </ClInclude>
    <ClInclude Include="cddata.h" >
      <Filter>Header Files</Filter>
    </ClInclude>
    <ClInclude Include="cdprocs.h" >
      <Filter>Header Files</Filter>
    </ClInclude>
    <ClInclude Include="cdstruc.h" >
      <Filter>Header Files</Filter>
    </ClInclude>
    <ClInclude Include="nodetype.h" >
      <Filter>Header Files</Filter>
    </ClInclude>
    <ClInclude Include="readcompr.h" >
      <Filter>Header Files</Filter>
    </ClInclude>
    <ClInclude Include="zlib.h" >
      <Filter>Header Files</Filter>
    </ClInclude>
    <ClInclude Include="readcompr.h">
      <Filter>Header Files</Filter>
    </ClInclude>  
  </ItemGroup>
</Project>