<?xml version="1.0" encoding="utf-8"?>
<Project ToolsVersion="4.0" xmlns="http://schemas.microsoft.com/developer/msbuild/2003">
  <ItemGroup>
    <Filter Include="Source Files">
      <Extensions>cpp;c;cc;cxx;def;odl;idl;hpj;bat;asm;asmx;*</Extensions>
      <UniqueIdentifier>{089790B4-9298-4FCF-883A-5433CE0236CA}</UniqueIdentifier>
    </Filter>
    <Filter Include="Header Files">
      <Extensions>h;hpp;hxx;hm;inl;inc;xsd</Extensions>
      <UniqueIdentifier>{7A9A8E21-5CF9-4EB0-9067-F090671C9984}</UniqueIdentifier>
    </Filter>
    <Filter Include="Resource Files">
      <Extensions>rc;ico;cur;bmp;dlg;rc2;rct;bin;rgs;gif;jpg;jpeg;jpe;resx;tiff;tif;png;wav;mfcribbon-ms;man;xml</Extensions>
      <UniqueIdentifier>{50A71873-E186-4842-ADEE-AAE891820FC1}</UniqueIdentifier>
    </Filter>
    <Filter Include="zlib">
      <UniqueIdentifier>{cc9d1833-9dfe-4c5e-a842-796556924ef6}</UniqueIdentifier>
    </Filter>
    <Filter Include="zlib\x86">
      <UniqueIdentifier>{1f0375cc-52e9-4866-9e91-a2e05bd8e9c6}</UniqueIdentifier>
    </Filter>
    <Filter Include="zlib\x64">
      <UniqueIdentifier>{504c6dcb-f34d-49df-bbf1-2a876bffd24a}</UniqueIdentifier>
    </Filter>
  </ItemGroup>
  <ItemGroup>
    <ClCompile Include="AllocSup.cpp">
      <Filter>Source Files</Filter>
    </ClCompile>
    <ClCompile Include="CacheSup.cpp">
      <Filter>Source Files</Filter>
    </ClCompile>
    <ClCompile Include="CdData.cpp">
      <Filter>Source Files</Filter>
    </ClCompile>
    <ClCompile Include="CdInit.cpp">
      <Filter>Source Files</Filter>
    </ClCompile>
    <ClCompile Include="cdprocssrc.cpp">
      <Filter>Source Files</Filter>
    </ClCompile>
    <ClCompile Include="Cleanup.cpp">
      <Filter>Source Files</Filter>
    </ClCompile>
    <ClCompile Include="Close.cpp">
      <Filter>Source Files</Filter>
    </ClCompile>
    <ClCompile Include="Create.cpp">
      <Filter>Source Files</Filter>
    </ClCompile>
    <ClCompile Include="DevCtrl.cpp">
      <Filter>Source Files</Filter>
    </ClCompile>
    <ClCompile Include="DevioSup.cpp">
      <Filter>Source Files</Filter>
    </ClCompile>
    <ClCompile Include="DirCtrl.cpp">
      <Filter>Source Files</Filter>
    </ClCompile>
    <ClCompile Include="DirSup.cpp">
      <Filter>Source Files</Filter>
    </ClCompile>
    <ClCompile Include="FileInfo.cpp">
      <Filter>Source Files</Filter>
    </ClCompile>
    <ClCompile Include="FilObSup.cpp">
      <Filter>Source Files</Filter>
    </ClCompile>
    <ClCompile Include="FsCtrl.cpp">
      <Filter>Source Files</Filter>
    </ClCompile>
    <ClCompile Include="FspDisp.cpp">
      <Filter>Source Files</Filter>
    </ClCompile>
    <ClCompile Include="LockCtrl.cpp">
      <Filter>Source Files</Filter>
    </ClCompile>
    <ClCompile Include="NameSup.cpp">
      <Filter>Source Files</Filter>
    </ClCompile>
    <ClCompile Include="PathSup.cpp">
      <Filter>Source Files</Filter>
    </ClCompile>
    <ClCompile Include="Pnp.cpp">
      <Filter>Source Files</Filter>
    </ClCompile>
    <ClCompile Include="PreFxSup.cpp">
      <Filter>Source Files</Filter>
    </ClCompile>
    <ClCompile Include="Read.cpp">
      <Filter>Source Files</Filter>
    </ClCompile>
    <ClCompile Include="ResrcSup.cpp">
      <Filter>Source Files</Filter>
    </ClCompile>
    <ClCompile Include="Shutdown.cpp">
      <Filter>Source Files</Filter>
    </ClCompile>
    <ClCompile Include="Strucsup.cpp">
      <Filter>Source Files</Filter>
    </ClCompile>
    <ClCompile Include="VerfySup.cpp">
      <Filter>Source Files</Filter>
    </ClCompile>
    <ClCompile Include="VolInfo.cpp">
      <Filter>Source Files</Filter>
    </ClCompile>
    <ClCompile Include="WorkQue.cpp">
      <Filter>Source Files</Filter>
    </ClCompile>
    <ClCompile Include="Write.cpp">
      <Filter>Source Files</Filter>
    </ClCompile>
    <ClCompile Include="extstrct.cpp">
      <Filter>Source Files</Filter>
    </ClCompile>
    <ClCompile Include="readcompr.cpp">
      <Filter>Source Files</Filter>
    </ClCompile>
    <ClCompile Include="zlib\adler32.cpp">
      <Filter>zlib</Filter>
    </ClCompile>
    <ClCompile Include="zlib\inffast.cpp">
      <Filter>zlib</Filter>
    </ClCompile>
    <ClCompile Include="zlib\inflate.cpp">
      <Filter>zlib</Filter>
    </ClCompile>
    <ClCompile Include="zlib\inftrees.cpp">
      <Filter>zlib</Filter>
    </ClCompile>
    <ClCompile Include="zlib\zutil.cpp">
      <Filter>zlib</Filter>
    </ClCompile>
    <ClCompile Include="zlib\inffixed.cpp">
      <Filter>zlib</Filter>
    </ClCompile>
    <ClCompile Include="zlib\x86\inffas86.cpp">
      <Filter>zlib\x86</Filter>
    </ClCompile>
    <ClCompile Include="zlib\x64\inffas8664.cpp">
      <Filter>zlib\x64</Filter>
    </ClCompile>
  </ItemGroup>
  <ItemGroup>
    <ClInclude Include="zlib\inffast.h">
      <Filter>zlib</Filter>
    </ClInclude>
    <ClInclude Include="zlib\inflate.h">
      <Filter>zlib</Filter>
    </ClInclude>
    <ClInclude Include="zlib\inftrees.h">
      <Filter>zlib</Filter>
    </ClInclude>
    <ClInclude Include="zlib\zutil.h">
      <Filter>zlib</Filter>
    </ClInclude>
    <ClInclude Include="zlib\zlib.h">
      <Filter>zlib</Filter>
    </ClInclude>
    <ClInclude Include="zlib\zconf.h">
      <Filter>zlib</Filter>
    </ClInclude>
    <ClInclude Include="cddata.h">
      <Filter>Header Files</Filter>
    </ClInclude>
    <ClInclude Include="cdprocs.h">
      <Filter>Header Files</Filter>
    </ClInclude>
    <ClInclude Include="cdstruc.h">
      <Filter>Header Files</Filter>
    </ClInclude>
    <ClInclude Include="nodetype.h">
      <Filter>Header Files</Filter>
    </ClInclude>
    <ClInclude Include="readcompr.h">
      <Filter>Header Files</Filter>
    </ClInclude>
    <ClInclude Include="cd.h">
      <Filter>Header Files</Filter>
    </ClInclude>
    <ClInclude Include="extstrct.h">
      <Filter>Header Files</Filter>
    </ClInclude>
  </ItemGroup>
  <ItemGroup>
    <ResourceCompile Include="Cdfs.rc">
      <Filter>Resource Files</Filter>
    </ResourceCompile>
  </ItemGroup>
  <ItemGroup>
    <MASM Include="zlib\x64\gvmat64.asm">
      <Filter>zlib\x64</Filter>
    </MASM>
    <MASM Include="zlib\x64\inffasx64.asm">
      <Filter>zlib\x64</Filter>
    </MASM>
    <MASM Include="zlib\x86\inffas32.asm">
      <Filter>zlib\x86</Filter>
    </MASM>
    <MASM Include="zlib\x86\match686.asm">
      <Filter>zlib\x86</Filter>
    </MASM>
  </ItemGroup>
</Project>